
Microsoft Visual Studio Solution File, Format Version 12.00
# Visual Studio Express 2013 for Windows Desktop
VisualStudioVersion = 12.0.21005.1
MinimumVisualStudioVersion = 10.0.40219.1
Project("{FAE04EC0-301F-11D3-BF4B-00C04F79EFBC}") = "Starter", "Starter.csproj", "{63DCBB31-92CD-4464-A86C-A7E51A5FE9FE}"
EndProject
Project("{FAE04EC0-301F-11D3-BF4B-00C04F79EFBC}") = "MCForge_", "MCForge_.csproj", "{12597DB0-7C34-4DE1-88EA-9250FF3372EB}"
	ProjectSection(ProjectDependencies) = postProject
		{1C317052-9B87-471C-A8AF-5AB2D779C174} = {1C317052-9B87-471C-A8AF-5AB2D779C174}
	EndProjectSection
EndProject
Project("{FAE04EC0-301F-11D3-BF4B-00C04F79EFBC}") = "Updater", "updater\Updater.csproj", "{1C317052-9B87-471C-A8AF-5AB2D779C174}"
EndProject
Project("{FAE04EC0-301F-11D3-BF4B-00C04F79EFBC}") = "StarterCLI", "StarterCLI\StarterCLI.csproj", "{F6866499-6E70-4FC0-A149-32A37D2233D8}"
EndProject
Global
	GlobalSection(SolutionConfigurationPlatforms) = preSolution
		Debug|Any CPU = Debug|Any CPU
		Debug|Mixed Platforms = Debug|Mixed Platforms
		Debug|x86 = Debug|x86
		Release|Any CPU = Release|Any CPU
		Release|Mixed Platforms = Release|Mixed Platforms
		Release|x86 = Release|x86
	EndGlobalSection
	GlobalSection(ProjectConfigurationPlatforms) = postSolution
		{63DCBB31-92CD-4464-A86C-A7E51A5FE9FE}.Debug|Any CPU.ActiveCfg = Debug|x86
		{63DCBB31-92CD-4464-A86C-A7E51A5FE9FE}.Debug|Mixed Platforms.ActiveCfg = Release|x86
		{63DCBB31-92CD-4464-A86C-A7E51A5FE9FE}.Debug|Mixed Platforms.Build.0 = Release|x86
		{63DCBB31-92CD-4464-A86C-A7E51A5FE9FE}.Debug|x86.ActiveCfg = Release|x86
		{63DCBB31-92CD-4464-A86C-A7E51A5FE9FE}.Debug|x86.Build.0 = Release|x86
		{63DCBB31-92CD-4464-A86C-A7E51A5FE9FE}.Release|Any CPU.ActiveCfg = Release|x86
		{63DCBB31-92CD-4464-A86C-A7E51A5FE9FE}.Release|Mixed Platforms.ActiveCfg = Release|x86
		{63DCBB31-92CD-4464-A86C-A7E51A5FE9FE}.Release|Mixed Platforms.Build.0 = Release|x86
		{63DCBB31-92CD-4464-A86C-A7E51A5FE9FE}.Release|x86.ActiveCfg = Release|x86
		{63DCBB31-92CD-4464-A86C-A7E51A5FE9FE}.Release|x86.Build.0 = Release|x86
		{12597DB0-7C34-4DE1-88EA-9250FF3372EB}.Debug|Any CPU.ActiveCfg = Debug|x86
		{12597DB0-7C34-4DE1-88EA-9250FF3372EB}.Debug|Mixed Platforms.ActiveCfg = Release|x86
		{12597DB0-7C34-4DE1-88EA-9250FF3372EB}.Debug|Mixed Platforms.Build.0 = Release|x86
		{12597DB0-7C34-4DE1-88EA-9250FF3372EB}.Debug|x86.ActiveCfg = Release|x86
		{12597DB0-7C34-4DE1-88EA-9250FF3372EB}.Debug|x86.Build.0 = Release|x86
		{12597DB0-7C34-4DE1-88EA-9250FF3372EB}.Release|Any CPU.ActiveCfg = Release|x86
		{12597DB0-7C34-4DE1-88EA-9250FF3372EB}.Release|Mixed Platforms.ActiveCfg = Release|x86
		{12597DB0-7C34-4DE1-88EA-9250FF3372EB}.Release|Mixed Platforms.Build.0 = Release|x86
		{12597DB0-7C34-4DE1-88EA-9250FF3372EB}.Release|x86.ActiveCfg = Release|x86
		{12597DB0-7C34-4DE1-88EA-9250FF3372EB}.Release|x86.Build.0 = Release|x86
		{1C317052-9B87-471C-A8AF-5AB2D779C174}.Debug|Any CPU.ActiveCfg = Debug|x86
		{1C317052-9B87-471C-A8AF-5AB2D779C174}.Debug|Mixed Platforms.ActiveCfg = Release|x86
		{1C317052-9B87-471C-A8AF-5AB2D779C174}.Debug|Mixed Platforms.Build.0 = Release|x86
		{1C317052-9B87-471C-A8AF-5AB2D779C174}.Debug|x86.ActiveCfg = Release|x86
		{1C317052-9B87-471C-A8AF-5AB2D779C174}.Debug|x86.Build.0 = Release|x86
		{1C317052-9B87-471C-A8AF-5AB2D779C174}.Release|Any CPU.ActiveCfg = Release|x86
		{1C317052-9B87-471C-A8AF-5AB2D779C174}.Release|Mixed Platforms.ActiveCfg = Release|x86
		{1C317052-9B87-471C-A8AF-5AB2D779C174}.Release|Mixed Platforms.Build.0 = Release|x86
		{1C317052-9B87-471C-A8AF-5AB2D779C174}.Release|x86.ActiveCfg = Release|x86
		{1C317052-9B87-471C-A8AF-5AB2D779C174}.Release|x86.Build.0 = Release|x86
		{F6866499-6E70-4FC0-A149-32A37D2233D8}.Debug|Any CPU.ActiveCfg = Debug|x86
		{F6866499-6E70-4FC0-A149-32A37D2233D8}.Debug|Mixed Platforms.ActiveCfg = Debug|x86
		{F6866499-6E70-4FC0-A149-32A37D2233D8}.Debug|Mixed Platforms.Build.0 = Debug|x86
		{F6866499-6E70-4FC0-A149-32A37D2233D8}.Debug|x86.ActiveCfg = Debug|x86
		{F6866499-6E70-4FC0-A149-32A37D2233D8}.Debug|x86.Build.0 = Debug|x86
		{F6866499-6E70-4FC0-A149-32A37D2233D8}.Release|Any CPU.ActiveCfg = Release|x86
		{F6866499-6E70-4FC0-A149-32A37D2233D8}.Release|Mixed Platforms.ActiveCfg = Release|x86
		{F6866499-6E70-4FC0-A149-32A37D2233D8}.Release|Mixed Platforms.Build.0 = Release|x86
		{F6866499-6E70-4FC0-A149-32A37D2233D8}.Release|x86.ActiveCfg = Release|x86
		{F6866499-6E70-4FC0-A149-32A37D2233D8}.Release|x86.Build.0 = Release|x86
	EndGlobalSection
	GlobalSection(SolutionProperties) = preSolution
		HideSolutionNode = FALSE
	EndGlobalSection
	GlobalSection(MonoDevelopProperties) = preSolution
		StartupItem = Starter.csproj
		Policies = $0
		$0.DotNetNamingPolicy = $1
		$1.DirectoryNamespaceAssociation = None
		$1.ResourceNamePolicy = FileFormatDefault
		$0.TextStylePolicy = $4
		$2.inheritsSet = null
		$2.scope = text/x-csharp
		$0.CSharpFormattingPolicy = $3
		$3.inheritsSet = Mono
		$3.inheritsScope = text/x-csharp
		$3.scope = text/x-csharp
		$4.FileWidth = 120
		$4.TabWidth = 4
		$4.inheritsSet = Mono
		$4.inheritsScope = text/plain
		$4.scope = text/plain
	EndGlobalSection
EndGlobal
